// !$*UTF8*$!
{
	archiveVersion = 1;
	classes = {
	};
	objectVersion = 55;
	objects = {

/* Begin PBXBuildFile section */
		7EBA80FA273D56D800F7B7D2 /* AppDelegate.swift in Sources */ = {isa = PBXBuildFile; fileRef = 7EBA80F9273D56D800F7B7D2 /* AppDelegate.swift */; };
		7EBA80FC273D56D800F7B7D2 /* SceneDelegate.swift in Sources */ = {isa = PBXBuildFile; fileRef = 7EBA80FB273D56D800F7B7D2 /* SceneDelegate.swift */; };
		7EBA80FE273D56D800F7B7D2 /* ViewController.swift in Sources */ = {isa = PBXBuildFile; fileRef = 7EBA80FD273D56D800F7B7D2 /* ViewController.swift */; };
		7EBA8101273D56D800F7B7D2 /* Main.storyboard in Resources */ = {isa = PBXBuildFile; fileRef = 7EBA80FF273D56D800F7B7D2 /* Main.storyboard */; };
		7EBA8103273D56DB00F7B7D2 /* Assets.xcassets in Resources */ = {isa = PBXBuildFile; fileRef = 7EBA8102273D56DB00F7B7D2 /* Assets.xcassets */; };
		7EBA8106273D56DB00F7B7D2 /* LaunchScreen.storyboard in Resources */ = {isa = PBXBuildFile; fileRef = 7EBA8104273D56DB00F7B7D2 /* LaunchScreen.storyboard */; };
		7EBA8111273D56DB00F7B7D2 /* ClubHouseSnapKitTests.swift in Sources */ = {isa = PBXBuildFile; fileRef = 7EBA8110273D56DB00F7B7D2 /* ClubHouseSnapKitTests.swift */; };
		7EBA811B273D56DC00F7B7D2 /* ClubHouseSnapKitUITests.swift in Sources */ = {isa = PBXBuildFile; fileRef = 7EBA811A273D56DC00F7B7D2 /* ClubHouseSnapKitUITests.swift */; };
		7EBA811D273D56DC00F7B7D2 /* ClubHouseSnapKitUITestsLaunchTests.swift in Sources */ = {isa = PBXBuildFile; fileRef = 7EBA811C273D56DC00F7B7D2 /* ClubHouseSnapKitUITestsLaunchTests.swift */; };
/* End PBXBuildFile section */

/* Begin PBXContainerItemProxy section */
		7EBA810D273D56DB00F7B7D2 /* PBXContainerItemProxy */ = {
			isa = PBXContainerItemProxy;
			containerPortal = 7EBA80EE273D56D800F7B7D2 /* Project object */;
			proxyType = 1;
			remoteGlobalIDString = 7EBA80F5273D56D800F7B7D2;
			remoteInfo = ClubHouseSnapKit;
		};
		7EBA8117273D56DC00F7B7D2 /* PBXContainerItemProxy */ = {
			isa = PBXContainerItemProxy;
			containerPortal = 7EBA80EE273D56D800F7B7D2 /* Project object */;
			proxyType = 1;
			remoteGlobalIDString = 7EBA80F5273D56D800F7B7D2;
			remoteInfo = ClubHouseSnapKit;
		};
/* End PBXContainerItemProxy section */

/* Begin PBXFileReference section */
		7EBA80F6273D56D800F7B7D2 /* ClubHouseSnapKit.app */ = {isa = PBXFileReference; explicitFileType = wrapper.application; includeInIndex = 0; path = ClubHouseSnapKit.app; sourceTree = BUILT_PRODUCTS_DIR; };
		7EBA80F9273D56D800F7B7D2 /* AppDelegate.swift */ = {isa = PBXFileReference; lastKnownFileType = sourcecode.swift; path = AppDelegate.swift; sourceTree = "<group>"; };
		7EBA80FB273D56D800F7B7D2 /* SceneDelegate.swift */ = {isa = PBXFileReference; lastKnownFileType = sourcecode.swift; path = SceneDelegate.swift; sourceTree = "<group>"; };
		7EBA80FD273D56D800F7B7D2 /* ViewController.swift */ = {isa = PBXFileReference; lastKnownFileType = sourcecode.swift; path = ViewController.swift; sourceTree = "<group>"; };
		7EBA8100273D56D800F7B7D2 /* Base */ = {isa = PBXFileReference; lastKnownFileType = file.storyboard; name = Base; path = Base.lproj/Main.storyboard; sourceTree = "<group>"; };
		7EBA8102273D56DB00F7B7D2 /* Assets.xcassets */ = {isa = PBXFileReference; lastKnownFileType = folder.assetcatalog; path = Assets.xcassets; sourceTree = "<group>"; };
		7EBA8105273D56DB00F7B7D2 /* Base */ = {isa = PBXFileReference; lastKnownFileType = file.storyboard; name = Base; path = Base.lproj/LaunchScreen.storyboard; sourceTree = "<group>"; };
		7EBA8107273D56DB00F7B7D2 /* Info.plist */ = {isa = PBXFileReference; lastKnownFileType = text.plist.xml; path = Info.plist; sourceTree = "<group>"; };
		7EBA810C273D56DB00F7B7D2 /* ClubHouseSnapKitTests.xctest */ = {isa = PBXFileReference; explicitFileType = wrapper.cfbundle; includeInIndex = 0; path = ClubHouseSnapKitTests.xctest; sourceTree = BUILT_PRODUCTS_DIR; };
		7EBA8110273D56DB00F7B7D2 /* ClubHouseSnapKitTests.swift */ = {isa = PBXFileReference; lastKnownFileType = sourcecode.swift; path = ClubHouseSnapKitTests.swift; sourceTree = "<group>"; };
		7EBA8116273D56DC00F7B7D2 /* ClubHouseSnapKitUITests.xctest */ = {isa = PBXFileReference; explicitFileType = wrapper.cfbundle; includeInIndex = 0; path = ClubHouseSnapKitUITests.xctest; sourceTree = BUILT_PRODUCTS_DIR; };
		7EBA811A273D56DC00F7B7D2 /* ClubHouseSnapKitUITests.swift */ = {isa = PBXFileReference; lastKnownFileType = sourcecode.swift; path = ClubHouseSnapKitUITests.swift; sourceTree = "<group>"; };
		7EBA811C273D56DC00F7B7D2 /* ClubHouseSnapKitUITestsLaunchTests.swift */ = {isa = PBXFileReference; lastKnownFileType = sourcecode.swift; path = ClubHouseSnapKitUITestsLaunchTests.swift; sourceTree = "<group>"; };
/* End PBXFileReference section */

/* Begin PBXFrameworksBuildPhase section */
		7EBA80F3273D56D800F7B7D2 /* Frameworks */ = {
			isa = PBXFrameworksBuildPhase;
			buildActionMask = 2147483647;
			files = (
			);
			runOnlyForDeploymentPostprocessing = 0;
		};
		7EBA8109273D56DB00F7B7D2 /* Frameworks */ = {
			isa = PBXFrameworksBuildPhase;
			buildActionMask = 2147483647;
			files = (
			);
			runOnlyForDeploymentPostprocessing = 0;
		};
		7EBA8113273D56DC00F7B7D2 /* Frameworks */ = {
			isa = PBXFrameworksBuildPhase;
			buildActionMask = 2147483647;
			files = (
			);
			runOnlyForDeploymentPostprocessing = 0;
		};
/* End PBXFrameworksBuildPhase section */

/* Begin PBXGroup section */
		7EBA80ED273D56D800F7B7D2 = {
			isa = PBXGroup;
			children = (
				7EBA80F8273D56D800F7B7D2 /* ClubHouseSnapKit */,
				7EBA810F273D56DB00F7B7D2 /* ClubHouseSnapKitTests */,
				7EBA8119273D56DC00F7B7D2 /* ClubHouseSnapKitUITests */,
				7EBA80F7273D56D800F7B7D2 /* Products */,
			);
			sourceTree = "<group>";
		};
		7EBA80F7273D56D800F7B7D2 /* Products */ = {
			isa = PBXGroup;
			children = (
				7EBA80F6273D56D800F7B7D2 /* ClubHouseSnapKit.app */,
				7EBA810C273D56DB00F7B7D2 /* ClubHouseSnapKitTests.xctest */,
				7EBA8116273D56DC00F7B7D2 /* ClubHouseSnapKitUITests.xctest */,
			);
			name = Products;
			sourceTree = "<group>";
		};
		7EBA80F8273D56D800F7B7D2 /* ClubHouseSnapKit */ = {
			isa = PBXGroup;
			children = (
				7EBA80F9273D56D800F7B7D2 /* AppDelegate.swift */,
				7EBA80FB273D56D800F7B7D2 /* SceneDelegate.swift */,
				7EBA80FD273D56D800F7B7D2 /* ViewController.swift */,
				7EBA80FF273D56D800F7B7D2 /* Main.storyboard */,
				7EBA8102273D56DB00F7B7D2 /* Assets.xcassets */,
				7EBA8104273D56DB00F7B7D2 /* LaunchScreen.storyboard */,
				7EBA8107273D56DB00F7B7D2 /* Info.plist */,
			);
			path = ClubHouseSnapKit;
			sourceTree = "<group>";
		};
		7EBA810F273D56DB00F7B7D2 /* ClubHouseSnapKitTests */ = {
			isa = PBXGroup;
			children = (
				7EBA8110273D56DB00F7B7D2 /* ClubHouseSnapKitTests.swift */,
			);
			path = ClubHouseSnapKitTests;
			sourceTree = "<group>";
		};
		7EBA8119273D56DC00F7B7D2 /* ClubHouseSnapKitUITests */ = {
			isa = PBXGroup;
			children = (
				7EBA811A273D56DC00F7B7D2 /* ClubHouseSnapKitUITests.swift */,
				7EBA811C273D56DC00F7B7D2 /* ClubHouseSnapKitUITestsLaunchTests.swift */,
			);
			path = ClubHouseSnapKitUITests;
			sourceTree = "<group>";
		};
/* End PBXGroup section */

/* Begin PBXNativeTarget section */
		7EBA80F5273D56D800F7B7D2 /* ClubHouseSnapKit */ = {
			isa = PBXNativeTarget;
			buildConfigurationList = 7EBA8120273D56DC00F7B7D2 /* Build configuration list for PBXNativeTarget "ClubHouseSnapKit" */;
			buildPhases = (
				7EBA80F2273D56D800F7B7D2 /* Sources */,
				7EBA80F3273D56D800F7B7D2 /* Frameworks */,
				7EBA80F4273D56D800F7B7D2 /* Resources */,
			);
			buildRules = (
			);
			dependencies = (
			);
			name = ClubHouseSnapKit;
			productName = ClubHouseSnapKit;
			productReference = 7EBA80F6273D56D800F7B7D2 /* ClubHouseSnapKit.app */;
			productType = "com.apple.product-type.application";
		};
		7EBA810B273D56DB00F7B7D2 /* ClubHouseSnapKitTests */ = {
			isa = PBXNativeTarget;
			buildConfigurationList = 7EBA8123273D56DC00F7B7D2 /* Build configuration list for PBXNativeTarget "ClubHouseSnapKitTests" */;
			buildPhases = (
				7EBA8108273D56DB00F7B7D2 /* Sources */,
				7EBA8109273D56DB00F7B7D2 /* Frameworks */,
				7EBA810A273D56DB00F7B7D2 /* Resources */,
			);
			buildRules = (
			);
			dependencies = (
				7EBA810E273D56DB00F7B7D2 /* PBXTargetDependency */,
			);
			name = ClubHouseSnapKitTests;
			productName = ClubHouseSnapKitTests;
			productReference = 7EBA810C273D56DB00F7B7D2 /* ClubHouseSnapKitTests.xctest */;
			productType = "com.apple.product-type.bundle.unit-test";
		};
		7EBA8115273D56DC00F7B7D2 /* ClubHouseSnapKitUITests */ = {
			isa = PBXNativeTarget;
			buildConfigurationList = 7EBA8126273D56DC00F7B7D2 /* Build configuration list for PBXNativeTarget "ClubHouseSnapKitUITests" */;
			buildPhases = (
				7EBA8112273D56DC00F7B7D2 /* Sources */,
				7EBA8113273D56DC00F7B7D2 /* Frameworks */,
				7EBA8114273D56DC00F7B7D2 /* Resources */,
			);
			buildRules = (
			);
			dependencies = (
				7EBA8118273D56DC00F7B7D2 /* PBXTargetDependency */,
			);
			name = ClubHouseSnapKitUITests;
			productName = ClubHouseSnapKitUITests;
			productReference = 7EBA8116273D56DC00F7B7D2 /* ClubHouseSnapKitUITests.xctest */;
			productType = "com.apple.product-type.bundle.ui-testing";
		};
/* End PBXNativeTarget section */

/* Begin PBXProject section */
		7EBA80EE273D56D800F7B7D2 /* Project object */ = {
			isa = PBXProject;
			attributes = {
				BuildIndependentTargetsInParallel = 1;
				LastSwiftUpdateCheck = 1310;
				LastUpgradeCheck = 1310;
				TargetAttributes = {
					7EBA80F5273D56D800F7B7D2 = {
						CreatedOnToolsVersion = 13.1;
					};
					7EBA810B273D56DB00F7B7D2 = {
						CreatedOnToolsVersion = 13.1;
						TestTargetID = 7EBA80F5273D56D800F7B7D2;
					};
					7EBA8115273D56DC00F7B7D2 = {
						CreatedOnToolsVersion = 13.1;
						TestTargetID = 7EBA80F5273D56D800F7B7D2;
					};
				};
			};
			buildConfigurationList = 7EBA80F1273D56D800F7B7D2 /* Build configuration list for PBXProject "ClubHouseSnapKit" */;
			compatibilityVersion = "Xcode 13.0";
			developmentRegion = en;
			hasScannedForEncodings = 0;
			knownRegions = (
				en,
				Base,
			);
			mainGroup = 7EBA80ED273D56D800F7B7D2;
			productRefGroup = 7EBA80F7273D56D800F7B7D2 /* Products */;
			projectDirPath = "";
			projectRoot = "";
			targets = (
				7EBA80F5273D56D800F7B7D2 /* ClubHouseSnapKit */,
				7EBA810B273D56DB00F7B7D2 /* ClubHouseSnapKitTests */,
				7EBA8115273D56DC00F7B7D2 /* ClubHouseSnapKitUITests */,
			);
		};
/* End PBXProject section */

/* Begin PBXResourcesBuildPhase section */
		7EBA80F4273D56D800F7B7D2 /* Resources */ = {
			isa = PBXResourcesBuildPhase;
			buildActionMask = 2147483647;
			files = (
				7EBA8106273D56DB00F7B7D2 /* LaunchScreen.storyboard in Resources */,
				7EBA8103273D56DB00F7B7D2 /* Assets.xcassets in Resources */,
				7EBA8101273D56D800F7B7D2 /* Main.storyboard in Resources */,
			);
			runOnlyForDeploymentPostprocessing = 0;
		};
		7EBA810A273D56DB00F7B7D2 /* Resources */ = {
			isa = PBXResourcesBuildPhase;
			buildActionMask = 2147483647;
			files = (
			);
			runOnlyForDeploymentPostprocessing = 0;
		};
		7EBA8114273D56DC00F7B7D2 /* Resources */ = {
			isa = PBXResourcesBuildPhase;
			buildActionMask = 2147483647;
			files = (
			);
			runOnlyForDeploymentPostprocessing = 0;
		};
/* End PBXResourcesBuildPhase section */

/* Begin PBXSourcesBuildPhase section */
		7EBA80F2273D56D800F7B7D2 /* Sources */ = {
			isa = PBXSourcesBuildPhase;
			buildActionMask = 2147483647;
			files = (
				7EBA80FE273D56D800F7B7D2 /* ViewController.swift in Sources */,
				7EBA80FA273D56D800F7B7D2 /* AppDelegate.swift in Sources */,
				7EBA80FC273D56D800F7B7D2 /* SceneDelegate.swift in Sources */,
			);
			runOnlyForDeploymentPostprocessing = 0;
		};
		7EBA8108273D56DB00F7B7D2 /* Sources */ = {
			isa = PBXSourcesBuildPhase;
			buildActionMask = 2147483647;
			files = (
				7EBA8111273D56DB00F7B7D2 /* ClubHouseSnapKitTests.swift in Sources */,
			);
			runOnlyForDeploymentPostprocessing = 0;
		};
		7EBA8112273D56DC00F7B7D2 /* Sources */ = {
			isa = PBXSourcesBuildPhase;
			buildActionMask = 2147483647;
			files = (
				7EBA811D273D56DC00F7B7D2 /* ClubHouseSnapKitUITestsLaunchTests.swift in Sources */,
				7EBA811B273D56DC00F7B7D2 /* ClubHouseSnapKitUITests.swift in Sources */,
			);
			runOnlyForDeploymentPostprocessing = 0;
		};
/* End PBXSourcesBuildPhase section */

/* Begin PBXTargetDependency section */
		7EBA810E273D56DB00F7B7D2 /* PBXTargetDependency */ = {
			isa = PBXTargetDependency;
			target = 7EBA80F5273D56D800F7B7D2 /* ClubHouseSnapKit */;
			targetProxy = 7EBA810D273D56DB00F7B7D2 /* PBXContainerItemProxy */;
		};
		7EBA8118273D56DC00F7B7D2 /* PBXTargetDependency */ = {
			isa = PBXTargetDependency;
			target = 7EBA80F5273D56D800F7B7D2 /* ClubHouseSnapKit */;
			targetProxy = 7EBA8117273D56DC00F7B7D2 /* PBXContainerItemProxy */;
		};
/* End PBXTargetDependency section */

/* Begin PBXVariantGroup section */
		7EBA80FF273D56D800F7B7D2 /* Main.storyboard */ = {
			isa = PBXVariantGroup;
			children = (
				7EBA8100273D56D800F7B7D2 /* Base */,
			);
			name = Main.storyboard;
			sourceTree = "<group>";
		};
		7EBA8104273D56DB00F7B7D2 /* LaunchScreen.storyboard */ = {
			isa = PBXVariantGroup;
			children = (
				7EBA8105273D56DB00F7B7D2 /* Base */,
			);
			name = LaunchScreen.storyboard;
			sourceTree = "<group>";
		};
/* End PBXVariantGroup section */

/* Begin XCBuildConfiguration section */
		7EBA811E273D56DC00F7B7D2 /* Debug */ = {
			isa = XCBuildConfiguration;
			buildSettings = {
				ALWAYS_SEARCH_USER_PATHS = NO;
				CLANG_ANALYZER_NONNULL = YES;
				CLANG_ANALYZER_NUMBER_OBJECT_CONVERSION = YES_AGGRESSIVE;
				CLANG_CXX_LANGUAGE_STANDARD = "gnu++17";
				CLANG_CXX_LIBRARY = "libc++";
				CLANG_ENABLE_MODULES = YES;
				CLANG_ENABLE_OBJC_ARC = YES;
				CLANG_ENABLE_OBJC_WEAK = YES;
				CLANG_WARN_BLOCK_CAPTURE_AUTORELEASING = YES;
				CLANG_WARN_BOOL_CONVERSION = YES;
				CLANG_WARN_COMMA = YES;
				CLANG_WARN_CONSTANT_CONVERSION = YES;
				CLANG_WARN_DEPRECATED_OBJC_IMPLEMENTATIONS = YES;
				CLANG_WARN_DIRECT_OBJC_ISA_USAGE = YES_ERROR;
				CLANG_WARN_DOCUMENTATION_COMMENTS = YES;
				CLANG_WARN_EMPTY_BODY = YES;
				CLANG_WARN_ENUM_CONVERSION = YES;
				CLANG_WARN_INFINITE_RECURSION = YES;
				CLANG_WARN_INT_CONVERSION = YES;
				CLANG_WARN_NON_LITERAL_NULL_CONVERSION = YES;
				CLANG_WARN_OBJC_IMPLICIT_RETAIN_SELF = YES;
				CLANG_WARN_OBJC_LITERAL_CONVERSION = YES;
				CLANG_WARN_OBJC_ROOT_CLASS = YES_ERROR;
				CLANG_WARN_QUOTED_INCLUDE_IN_FRAMEWORK_HEADER = YES;
				CLANG_WARN_RANGE_LOOP_ANALYSIS = YES;
				CLANG_WARN_STRICT_PROTOTYPES = YES;
				CLANG_WARN_SUSPICIOUS_MOVE = YES;
				CLANG_WARN_UNGUARDED_AVAILABILITY = YES_AGGRESSIVE;
				CLANG_WARN_UNREACHABLE_CODE = YES;
				CLANG_WARN__DUPLICATE_METHOD_MATCH = YES;
				COPY_PHASE_STRIP = NO;
				DEBUG_INFORMATION_FORMAT = dwarf;
				ENABLE_STRICT_OBJC_MSGSEND = YES;
				ENABLE_TESTABILITY = YES;
				GCC_C_LANGUAGE_STANDARD = gnu11;
				GCC_DYNAMIC_NO_PIC = NO;
				GCC_NO_COMMON_BLOCKS = YES;
				GCC_OPTIMIZATION_LEVEL = 0;
				GCC_PREPROCESSOR_DEFINITIONS = (
					"DEBUG=1",
					"$(inherited)",
				);
				GCC_WARN_64_TO_32_BIT_CONVERSION = YES;
				GCC_WARN_ABOUT_RETURN_TYPE = YES_ERROR;
				GCC_WARN_UNDECLARED_SELECTOR = YES;
				GCC_WARN_UNINITIALIZED_AUTOS = YES_AGGRESSIVE;
				GCC_WARN_UNUSED_FUNCTION = YES;
				GCC_WARN_UNUSED_VARIABLE = YES;
				IPHONEOS_DEPLOYMENT_TARGET = 15.0;
				MTL_ENABLE_DEBUG_INFO = INCLUDE_SOURCE;
				MTL_FAST_MATH = YES;
				ONLY_ACTIVE_ARCH = YES;
				SDKROOT = iphoneos;
				SWIFT_ACTIVE_COMPILATION_CONDITIONS = DEBUG;
				SWIFT_OPTIMIZATION_LEVEL = "-Onone";
			};
			name = Debug;
		};
		7EBA811F273D56DC00F7B7D2 /* Release */ = {
			isa = XCBuildConfiguration;
			buildSettings = {
				ALWAYS_SEARCH_USER_PATHS = NO;
				CLANG_ANALYZER_NONNULL = YES;
				CLANG_ANALYZER_NUMBER_OBJECT_CONVERSION = YES_AGGRESSIVE;
				CLANG_CXX_LANGUAGE_STANDARD = "gnu++17";
				CLANG_CXX_LIBRARY = "libc++";
				CLANG_ENABLE_MODULES = YES;
				CLANG_ENABLE_OBJC_ARC = YES;
				CLANG_ENABLE_OBJC_WEAK = YES;
				CLANG_WARN_BLOCK_CAPTURE_AUTORELEASING = YES;
				CLANG_WARN_BOOL_CONVERSION = YES;
				CLANG_WARN_COMMA = YES;
				CLANG_WARN_CONSTANT_CONVERSION = YES;
				CLANG_WARN_DEPRECATED_OBJC_IMPLEMENTATIONS = YES;
				CLANG_WARN_DIRECT_OBJC_ISA_USAGE = YES_ERROR;
				CLANG_WARN_DOCUMENTATION_COMMENTS = YES;
				CLANG_WARN_EMPTY_BODY = YES;
				CLANG_WARN_ENUM_CONVERSION = YES;
				CLANG_WARN_INFINITE_RECURSION = YES;
				CLANG_WARN_INT_CONVERSION = YES;
				CLANG_WARN_NON_LITERAL_NULL_CONVERSION = YES;
				CLANG_WARN_OBJC_IMPLICIT_RETAIN_SELF = YES;
				CLANG_WARN_OBJC_LITERAL_CONVERSION = YES;
				CLANG_WARN_OBJC_ROOT_CLASS = YES_ERROR;
				CLANG_WARN_QUOTED_INCLUDE_IN_FRAMEWORK_HEADER = YES;
				CLANG_WARN_RANGE_LOOP_ANALYSIS = YES;
				CLANG_WARN_STRICT_PROTOTYPES = YES;
				CLANG_WARN_SUSPICIOUS_MOVE = YES;
				CLANG_WARN_UNGUARDED_AVAILABILITY = YES_AGGRESSIVE;
				CLANG_WARN_UNREACHABLE_CODE = YES;
				CLANG_WARN__DUPLICATE_METHOD_MATCH = YES;
				COPY_PHASE_STRIP = NO;
				DEBUG_INFORMATION_FORMAT = "dwarf-with-dsym";
				ENABLE_NS_ASSERTIONS = NO;
				ENABLE_STRICT_OBJC_MSGSEND = YES;
				GCC_C_LANGUAGE_STANDARD = gnu11;
				GCC_NO_COMMON_BLOCKS = YES;
				GCC_WARN_64_TO_32_BIT_CONVERSION = YES;
				GCC_WARN_ABOUT_RETURN_TYPE = YES_ERROR;
				GCC_WARN_UNDECLARED_SELECTOR = YES;
				GCC_WARN_UNINITIALIZED_AUTOS = YES_AGGRESSIVE;
				GCC_WARN_UNUSED_FUNCTION = YES;
				GCC_WARN_UNUSED_VARIABLE = YES;
				IPHONEOS_DEPLOYMENT_TARGET = 15.0;
				MTL_ENABLE_DEBUG_INFO = NO;
				MTL_FAST_MATH = YES;
				SDKROOT = iphoneos;
				SWIFT_COMPILATION_MODE = wholemodule;
				SWIFT_OPTIMIZATION_LEVEL = "-O";
				VALIDATE_PRODUCT = YES;
			};
			name = Release;
		};
		7EBA8121273D56DC00F7B7D2 /* Debug */ = {
			isa = XCBuildConfiguration;
			buildSettings = {
				ASSETCATALOG_COMPILER_APPICON_NAME = AppIcon;
				ASSETCATALOG_COMPILER_GLOBAL_ACCENT_COLOR_NAME = AccentColor;
				CODE_SIGN_STYLE = Automatic;
				CURRENT_PROJECT_VERSION = 1;
				DEVELOPMENT_TEAM = 28QY9NT6W3;
				GENERATE_INFOPLIST_FILE = YES;
				INFOPLIST_FILE = ClubHouseSnapKit/Info.plist;
				INFOPLIST_KEY_UIApplicationSupportsIndirectInputEvents = YES;
				INFOPLIST_KEY_UILaunchStoryboardName = LaunchScreen;
				INFOPLIST_KEY_UIMainStoryboardFile = Main;
				INFOPLIST_KEY_UISupportedInterfaceOrientations_iPad = "UIInterfaceOrientationPortrait UIInterfaceOrientationPortraitUpsideDown UIInterfaceOrientationLandscapeLeft UIInterfaceOrientationLandscapeRight";
				INFOPLIST_KEY_UISupportedInterfaceOrientations_iPhone = "UIInterfaceOrientationPortrait UIInterfaceOrientationLandscapeLeft UIInterfaceOrientationLandscapeRight";
				LD_RUNPATH_SEARCH_PATHS = (
					"$(inherited)",
					"@executable_path/Frameworks",
				);
				MARKETING_VERSION = 1.0;
				PRODUCT_BUNDLE_IDENTIFIER = com.DmitryPavlov.ClubHouseSnapKit;
				PRODUCT_NAME = "$(TARGET_NAME)";
				SWIFT_EMIT_LOC_STRINGS = YES;
				SWIFT_VERSION = 5.0;
				TARGETED_DEVICE_FAMILY = "1,2";
			};
			name = Debug;
		};
		7EBA8122273D56DC00F7B7D2 /* Release */ = {
			isa = XCBuildConfiguration;
			buildSettings = {
				ASSETCATALOG_COMPILER_APPICON_NAME = AppIcon;
				ASSETCATALOG_COMPILER_GLOBAL_ACCENT_COLOR_NAME = AccentColor;
				CODE_SIGN_STYLE = Automatic;
				CURRENT_PROJECT_VERSION = 1;
				DEVELOPMENT_TEAM = 28QY9NT6W3;
				GENERATE_INFOPLIST_FILE = YES;
				INFOPLIST_FILE = ClubHouseSnapKit/Info.plist;
				INFOPLIST_KEY_UIApplicationSupportsIndirectInputEvents = YES;
				INFOPLIST_KEY_UILaunchStoryboardName = LaunchScreen;
				INFOPLIST_KEY_UIMainStoryboardFile = Main;
				INFOPLIST_KEY_UISupportedInterfaceOrientations_iPad = "UIInterfaceOrientationPortrait UIInterfaceOrientationPortraitUpsideDown UIInterfaceOrientationLandscapeLeft UIInterfaceOrientationLandscapeRight";
				INFOPLIST_KEY_UISupportedInterfaceOrientations_iPhone = "UIInterfaceOrientationPortrait UIInterfaceOrientationLandscapeLeft UIInterfaceOrientationLandscapeRight";
				LD_RUNPATH_SEARCH_PATHS = (
					"$(inherited)",
					"@executable_path/Frameworks",
				);
				MARKETING_VERSION = 1.0;
				PRODUCT_BUNDLE_IDENTIFIER = com.DmitryPavlov.ClubHouseSnapKit;
				PRODUCT_NAME = "$(TARGET_NAME)";
				SWIFT_EMIT_LOC_STRINGS = YES;
				SWIFT_VERSION = 5.0;
				TARGETED_DEVICE_FAMILY = "1,2";
			};
			name = Release;
		};
		7EBA8124273D56DC00F7B7D2 /* Debug */ = {
			isa = XCBuildConfiguration;
			buildSettings = {
				ALWAYS_EMBED_SWIFT_STANDARD_LIBRARIES = YES;
				BUNDLE_LOADER = "$(TEST_HOST)";
				CODE_SIGN_STYLE = Automatic;
				CURRENT_PROJECT_VERSION = 1;
				DEVELOPMENT_TEAM = 28QY9NT6W3;
				GENERATE_INFOPLIST_FILE = YES;
				IPHONEOS_DEPLOYMENT_TARGET = 15.0;
				LD_RUNPATH_SEARCH_PATHS = (
					"$(inherited)",
					"@executable_path/Frameworks",
					"@loader_path/Frameworks",
				);
				MARKETING_VERSION = 1.0;
				PRODUCT_BUNDLE_IDENTIFIER = com.DmitryPavlov.ClubHouseSnapKitTests;
				PRODUCT_NAME = "$(TARGET_NAME)";
				SWIFT_EMIT_LOC_STRINGS = NO;
				SWIFT_VERSION = 5.0;
				TARGETED_DEVICE_FAMILY = "1,2";
				TEST_HOST = "$(BUILT_PRODUCTS_DIR)/ClubHouseSnapKit.app/ClubHouseSnapKit";
			};
			name = Debug;
		};
		7EBA8125273D56DC00F7B7D2 /* Release */ = {
			isa = XCBuildConfiguration;
			buildSettings = {
				ALWAYS_EMBED_SWIFT_STANDARD_LIBRARIES = YES;
				BUNDLE_LOADER = "$(TEST_HOST)";
				CODE_SIGN_STYLE = Automatic;
				CURRENT_PROJECT_VERSION = 1;
				DEVELOPMENT_TEAM = 28QY9NT6W3;
				GENERATE_INFOPLIST_FILE = YES;
				IPHONEOS_DEPLOYMENT_TARGET = 15.0;
				LD_RUNPATH_SEARCH_PATHS = (
					"$(inherited)",
					"@executable_path/Frameworks",
					"@loader_path/Frameworks",
				);
				MARKETING_VERSION = 1.0;
				PRODUCT_BUNDLE_IDENTIFIER = com.DmitryPavlov.ClubHouseSnapKitTests;
				PRODUCT_NAME = "$(TARGET_NAME)";
				SWIFT_EMIT_LOC_STRINGS = NO;
				SWIFT_VERSION = 5.0;
				TARGETED_DEVICE_FAMILY = "1,2";
				TEST_HOST = "$(BUILT_PRODUCTS_DIR)/ClubHouseSnapKit.app/ClubHouseSnapKit";
			};
			name = Release;
		};
		7EBA8127273D56DC00F7B7D2 /* Debug */ = {
			isa = XCBuildConfiguration;
			buildSettings = {
				ALWAYS_EMBED_SWIFT_STANDARD_LIBRARIES = YES;
				CODE_SIGN_STYLE = Automatic;
				CURRENT_PROJECT_VERSION = 1;
				DEVELOPMENT_TEAM = 28QY9NT6W3;
				GENERATE_INFOPLIST_FILE = YES;
				LD_RUNPATH_SEARCH_PATHS = (
					"$(inherited)",
					"@executable_path/Frameworks",
					"@loader_path/Frameworks",
				);
				MARKETING_VERSION = 1.0;
				PRODUCT_BUNDLE_IDENTIFIER = com.DmitryPavlov.ClubHouseSnapKitUITests;
				PRODUCT_NAME = "$(TARGET_NAME)";
				SWIFT_EMIT_LOC_STRINGS = NO;
				SWIFT_VERSION = 5.0;
				TARGETED_DEVICE_FAMILY = "1,2";
				TEST_TARGET_NAME = ClubHouseSnapKit;
			};
			name = Debug;
		};
		7EBA8128273D56DC00F7B7D2 /* Release */ = {
			isa = XCBuildConfiguration;
			buildSettings = {
				ALWAYS_EMBED_SWIFT_STANDARD_LIBRARIES = YES;
				CODE_SIGN_STYLE = Automatic;
				CURRENT_PROJECT_VERSION = 1;
				DEVELOPMENT_TEAM = 28QY9NT6W3;
				GENERATE_INFOPLIST_FILE = YES;
				LD_RUNPATH_SEARCH_PATHS = (
					"$(inherited)",
					"@executable_path/Frameworks",
					"@loader_path/Frameworks",
				);
				MARKETING_VERSION = 1.0;
				PRODUCT_BUNDLE_IDENTIFIER = com.DmitryPavlov.ClubHouseSnapKitUITests;
				PRODUCT_NAME = "$(TARGET_NAME)";
				SWIFT_EMIT_LOC_STRINGS = NO;
				SWIFT_VERSION = 5.0;
				TARGETED_DEVICE_FAMILY = "1,2";
				TEST_TARGET_NAME = ClubHouseSnapKit;
			};
			name = Release;
		};
/* End XCBuildConfiguration section */

/* Begin XCConfigurationList section */
		7EBA80F1273D56D800F7B7D2 /* Build configuration list for PBXProject "ClubHouseSnapKit" */ = {
			isa = XCConfigurationList;
			buildConfigurations = (
				7EBA811E273D56DC00F7B7D2 /* Debug */,
				7EBA811F273D56DC00F7B7D2 /* Release */,
			);
			defaultConfigurationIsVisible = 0;
			defaultConfigurationName = Release;
		};
		7EBA8120273D56DC00F7B7D2 /* Build configuration list for PBXNativeTarget "ClubHouseSnapKit" */ = {
			isa = XCConfigurationList;
			buildConfigurations = (
				7EBA8121273D56DC00F7B7D2 /* Debug */,
				7EBA8122273D56DC00F7B7D2 /* Release */,
			);
			defaultConfigurationIsVisible = 0;
			defaultConfigurationName = Release;
		};
		7EBA8123273D56DC00F7B7D2 /* Build configuration list for PBXNativeTarget "ClubHouseSnapKitTests" */ = {
			isa = XCConfigurationList;
			buildConfigurations = (
				7EBA8124273D56DC00F7B7D2 /* Debug */,
				7EBA8125273D56DC00F7B7D2 /* Release */,
			);
			defaultConfigurationIsVisible = 0;
			defaultConfigurationName = Release;
		};
		7EBA8126273D56DC00F7B7D2 /* Build configuration list for PBXNativeTarget "ClubHouseSnapKitUITests" */ = {
			isa = XCConfigurationList;
			buildConfigurations = (
				7EBA8127273D56DC00F7B7D2 /* Debug */,
				7EBA8128273D56DC00F7B7D2 /* Release */,
			);
			defaultConfigurationIsVisible = 0;
			defaultConfigurationName = Release;
		};
/* End XCConfigurationList section */
	};
	rootObject = 7EBA80EE273D56D800F7B7D2 /* Project object */;
}
